
Microsoft Visual Studio Solution File, Format Version 12.00
# Visual Studio 15
VisualStudioVersion = 15.0.28010.2003
MinimumVisualStudioVersion = 10.0.40219.1
Project("{FAE04EC0-301F-11D3-BF4B-00C04F79EFBC}") = "Umbrella.PanTau", "Foundation.Umbrella.PanTau\code\Umbrella.PanTau.csproj", "{AA3991AA-AAA3-4C83-8AAA-07F85C6D1D55}"
EndProject
Global
	GlobalSection(SolutionConfigurationPlatforms) = preSolution
		Debug|Any CPU = Debug|Any CPU
		Release|Any CPU = Release|Any CPU
	EndGlobalSection
	GlobalSection(ProjectConfigurationPlatforms) = postSolution
		{AA3991AA-AAA3-4C83-8AAA-07F85C6D1D55}.Debug|Any CPU.ActiveCfg = Debug|Any CPU
		{AA3991AA-AAA3-4C83-8AAA-07F85C6D1D55}.Debug|Any CPU.Build.0 = Debug|Any CPU
		{AA3991AA-AAA3-4C83-8AAA-07F85C6D1D55}.Release|Any CPU.ActiveCfg = Release|Any CPU
		{AA3991AA-AAA3-4C83-8AAA-07F85C6D1D55}.Release|Any CPU.Build.0 = Release|Any CPU
	EndGlobalSection
	GlobalSection(SolutionProperties) = preSolution
		HideSolutionNode = FALSE
	EndGlobalSection
	GlobalSection(ExtensibilityGlobals) = postSolution
		EnterpriseLibraryConfigurationToolBinariesPathV6 = packages\EnterpriseLibrary.Common.6.0.1304.0\lib\NET45;packages\EnterpriseLibrary.TransientFaultHandling.6.0.1304.0\lib\portable-net45+win+wp8;packages\EnterpriseLibrary.TransientFaultHandling.Caching.6.0.1304.0\lib\NET45;packages\EnterpriseLibrary.TransientFaultHandling.Data.6.0.1304.1\lib\NET45;packages\EnterpriseLibrary.TransientFaultHandling.ServiceBus.6.0.1304.0\lib\NET45;packages\EnterpriseLibrary.TransientFaultHandling.WindowsAzure.Storage.6.0.1304.0\lib\NET45;packages\EnterpriseLibrary.TransientFaultHandling.Configuration.6.0.1304.0\lib\NET45
		SolutionGuid = {41C84B48-D554-4BEA-A643-D77BA5957E30}
	EndGlobalSection
EndGlobal
